// !$*UTF8*$!
{
	archiveVersion = 1;
	classes = {
	};
	objectVersion = 46;
	objects = {

/* Begin PBXBuildFile section */
		286BDC761F1948F900C75780 /* AppDelegate.swift in Sources */ = {isa = PBXBuildFile; fileRef = 286BDC751F1948F900C75780 /* AppDelegate.swift */; };
		286BDC7D1F1948F900C75780 /* Assets.xcassets in Resources */ = {isa = PBXBuildFile; fileRef = 286BDC7C1F1948F900C75780 /* Assets.xcassets */; };
		286BDC801F1948F900C75780 /* LaunchScreen.storyboard in Resources */ = {isa = PBXBuildFile; fileRef = 286BDC7E1F1948F900C75780 /* LaunchScreen.storyboard */; };
		286BDC891F19494500C75780 /* Main.storyboard in Resources */ = {isa = PBXBuildFile; fileRef = 286BDC881F19494500C75780 /* Main.storyboard */; };
		286BDC8B1F19496200C75780 /* CalculatorModel.swift in Sources */ = {isa = PBXBuildFile; fileRef = 286BDC8A1F19496200C75780 /* CalculatorModel.swift */; };
		286BDC8D1F19498700C75780 /* ViewController.swift in Sources */ = {isa = PBXBuildFile; fileRef = 286BDC8C1F19498700C75780 /* ViewController.swift */; };
/* End PBXBuildFile section */

/* Begin PBXFileReference section */
		286BDC721F1948F900C75780 /* CalculatorBrain.app */ = {isa = PBXFileReference; explicitFileType = wrapper.application; includeInIndex = 0; path = CalculatorBrain.app; sourceTree = BUILT_PRODUCTS_DIR; };
		286BDC751F1948F900C75780 /* AppDelegate.swift */ = {isa = PBXFileReference; lastKnownFileType = sourcecode.swift; path = AppDelegate.swift; sourceTree = "<group>"; };
		286BDC7C1F1948F900C75780 /* Assets.xcassets */ = {isa = PBXFileReference; lastKnownFileType = folder.assetcatalog; path = Assets.xcassets; sourceTree = "<group>"; };
		286BDC7F1F1948F900C75780 /* Base */ = {isa = PBXFileReference; lastKnownFileType = file.storyboard; name = Base; path = Base.lproj/LaunchScreen.storyboard; sourceTree = "<group>"; };
		286BDC811F1948F900C75780 /* Info.plist */ = {isa = PBXFileReference; lastKnownFileType = text.plist.xml; path = Info.plist; sourceTree = "<group>"; };
		286BDC881F19494500C75780 /* Main.storyboard */ = {isa = PBXFileReference; fileEncoding = 4; lastKnownFileType = file.storyboard; path = Main.storyboard; sourceTree = "<group>"; };
		286BDC8A1F19496200C75780 /* CalculatorModel.swift */ = {isa = PBXFileReference; fileEncoding = 4; lastKnownFileType = sourcecode.swift; path = CalculatorModel.swift; sourceTree = "<group>"; };
		286BDC8C1F19498700C75780 /* ViewController.swift */ = {isa = PBXFileReference; fileEncoding = 4; lastKnownFileType = sourcecode.swift; path = ViewController.swift; sourceTree = "<group>"; };
/* End PBXFileReference section */

/* Begin PBXFrameworksBuildPhase section */
		286BDC6F1F1948F900C75780 /* Frameworks */ = {
			isa = PBXFrameworksBuildPhase;
			buildActionMask = 2147483647;
			files = (
			);
			runOnlyForDeploymentPostprocessing = 0;
		};
/* End PBXFrameworksBuildPhase section */

/* Begin PBXGroup section */
		286BDC691F1948F900C75780 = {
			isa = PBXGroup;
			children = (
				286BDC741F1948F900C75780 /* CalculatorBrain */,
				286BDC731F1948F900C75780 /* Products */,
			);
			sourceTree = "<group>";
		};
		286BDC731F1948F900C75780 /* Products */ = {
			isa = PBXGroup;
			children = (
				286BDC721F1948F900C75780 /* CalculatorBrain.app */,
			);
			name = Products;
			sourceTree = "<group>";
		};
		286BDC741F1948F900C75780 /* CalculatorBrain */ = {
			isa = PBXGroup;
			children = (
				286BDC871F19490A00C75780 /* SupportingFiles */,
				286BDC881F19494500C75780 /* Main.storyboard */,
				286BDC8C1F19498700C75780 /* ViewController.swift */,
				286BDC8A1F19496200C75780 /* CalculatorModel.swift */,
			);
			path = CalculatorBrain;
			sourceTree = "<group>";
		};
		286BDC871F19490A00C75780 /* SupportingFiles */ = {
			isa = PBXGroup;
			children = (
				286BDC751F1948F900C75780 /* AppDelegate.swift */,
				286BDC7C1F1948F900C75780 /* Assets.xcassets */,
				286BDC7E1F1948F900C75780 /* LaunchScreen.storyboard */,
				286BDC811F1948F900C75780 /* Info.plist */,
			);
			name = SupportingFiles;
			sourceTree = "<group>";
		};
/* End PBXGroup section */

/* Begin PBXNativeTarget section */
		286BDC711F1948F900C75780 /* CalculatorBrain */ = {
			isa = PBXNativeTarget;
			buildConfigurationList = 286BDC841F1948F900C75780 /* Build configuration list for PBXNativeTarget "CalculatorBrain" */;
			buildPhases = (
				286BDC6E1F1948F900C75780 /* Sources */,
				286BDC6F1F1948F900C75780 /* Frameworks */,
				286BDC701F1948F900C75780 /* Resources */,
			);
			buildRules = (
			);
			dependencies = (
			);
			name = CalculatorBrain;
			productName = CalculatorBrain;
			productReference = 286BDC721F1948F900C75780 /* CalculatorBrain.app */;
			productType = "com.apple.product-type.application";
		};
/* End PBXNativeTarget section */

/* Begin PBXProject section */
		286BDC6A1F1948F900C75780 /* Project object */ = {
			isa = PBXProject;
			attributes = {
				LastSwiftUpdateCheck = 0830;
				LastUpgradeCheck = 0830;
				ORGANIZATIONNAME = "Markus Fox";
				TargetAttributes = {
					286BDC711F1948F900C75780 = {
						CreatedOnToolsVersion = 8.3.3;
						DevelopmentTeam = 545AN3LGNM;
						ProvisioningStyle = Automatic;
					};
				};
			};
			buildConfigurationList = 286BDC6D1F1948F900C75780 /* Build configuration list for PBXProject "CalculatorBrain" */;
			compatibilityVersion = "Xcode 3.2";
			developmentRegion = English;
			hasScannedForEncodings = 0;
			knownRegions = (
				en,
				Base,
			);
			mainGroup = 286BDC691F1948F900C75780;
			productRefGroup = 286BDC731F1948F900C75780 /* Products */;
			projectDirPath = "";
			projectRoot = "";
			targets = (
				286BDC711F1948F900C75780 /* CalculatorBrain */,
			);
		};
/* End PBXProject section */

/* Begin PBXResourcesBuildPhase section */
		286BDC701F1948F900C75780 /* Resources */ = {
			isa = PBXResourcesBuildPhase;
			buildActionMask = 2147483647;
			files = (
				286BDC801F1948F900C75780 /* LaunchScreen.storyboard in Resources */,
				286BDC7D1F1948F900C75780 /* Assets.xcassets in Resources */,
				286BDC891F19494500C75780 /* Main.storyboard in Resources */,
			);
			runOnlyForDeploymentPostprocessing = 0;
		};
/* End PBXResourcesBuildPhase section */

/* Begin PBXSourcesBuildPhase section */
		286BDC6E1F1948F900C75780 /* Sources */ = {
			isa = PBXSourcesBuildPhase;
			buildActionMask = 2147483647;
			files = (
				286BDC8D1F19498700C75780 /* ViewController.swift in Sources */,
				286BDC8B1F19496200C75780 /* CalculatorModel.swift in Sources */,
				286BDC761F1948F900C75780 /* AppDelegate.swift in Sources */,
			);
			runOnlyForDeploymentPostprocessing = 0;
		};
/* End PBXSourcesBuildPhase section */

/* Begin PBXVariantGroup section */
		286BDC7E1F1948F900C75780 /* LaunchScreen.storyboard */ = {
			isa = PBXVariantGroup;
			children = (
				286BDC7F1F1948F900C75780 /* Base */,
			);
			name = LaunchScreen.storyboard;
			sourceTree = "<group>";
		};
/* End PBXVariantGroup section */

/* Begin XCBuildConfiguration section */
		286BDC821F1948F900C75780 /* Debug */ = {
			isa = XCBuildConfiguration;
			buildSettings = {
				ALWAYS_SEARCH_USER_PATHS = NO;
				CLANG_ANALYZER_NONNULL = YES;
				CLANG_ANALYZER_NUMBER_OBJECT_CONVERSION = YES_AGGRESSIVE;
				CLANG_CXX_LANGUAGE_STANDARD = "gnu++0x";
				CLANG_CXX_LIBRARY = "libc++";
				CLANG_ENABLE_MODULES = YES;
				CLANG_ENABLE_OBJC_ARC = YES;
				CLANG_WARN_BOOL_CONVERSION = YES;
				CLANG_WARN_CONSTANT_CONVERSION = YES;
				CLANG_WARN_DIRECT_OBJC_ISA_USAGE = YES_ERROR;
				CLANG_WARN_DOCUMENTATION_COMMENTS = YES;
				CLANG_WARN_EMPTY_BODY = YES;
				CLANG_WARN_ENUM_CONVERSION = YES;
				CLANG_WARN_INFINITE_RECURSION = YES;
				CLANG_WARN_INT_CONVERSION = YES;
				CLANG_WARN_OBJC_ROOT_CLASS = YES_ERROR;
				CLANG_WARN_SUSPICIOUS_MOVE = YES;
				CLANG_WARN_UNREACHABLE_CODE = YES;
				CLANG_WARN__DUPLICATE_METHOD_MATCH = YES;
				"CODE_SIGN_IDENTITY[sdk=iphoneos*]" = "iPhone Developer";
				COPY_PHASE_STRIP = NO;
				DEBUG_INFORMATION_FORMAT = dwarf;
				ENABLE_STRICT_OBJC_MSGSEND = YES;
				ENABLE_TESTABILITY = YES;
				GCC_C_LANGUAGE_STANDARD = gnu99;
				GCC_DYNAMIC_NO_PIC = NO;
				GCC_NO_COMMON_BLOCKS = YES;
				GCC_OPTIMIZATION_LEVEL = 0;
				GCC_PREPROCESSOR_DEFINITIONS = (
					"DEBUG=1",
					"$(inherited)",
				);
				GCC_WARN_64_TO_32_BIT_CONVERSION = YES;
				GCC_WARN_ABOUT_RETURN_TYPE = YES_ERROR;
				GCC_WARN_UNDECLARED_SELECTOR = YES;
				GCC_WARN_UNINITIALIZED_AUTOS = YES_AGGRESSIVE;
				GCC_WARN_UNUSED_FUNCTION = YES;
				GCC_WARN_UNUSED_VARIABLE = YES;
				IPHONEOS_DEPLOYMENT_TARGET = 10.3;
				MTL_ENABLE_DEBUG_INFO = YES;
				ONLY_ACTIVE_ARCH = YES;
				SDKROOT = iphoneos;
				SWIFT_ACTIVE_COMPILATION_CONDITIONS = DEBUG;
				SWIFT_OPTIMIZATION_LEVEL = "-Onone";
				TARGETED_DEVICE_FAMILY = "1,2";
			};
			name = Debug;
		};
		286BDC831F1948F900C75780 /* Release */ = {
			isa = XCBuildConfiguration;
			buildSettings = {
				ALWAYS_SEARCH_USER_PATHS = NO;
				CLANG_ANALYZER_NONNULL = YES;
				CLANG_ANALYZER_NUMBER_OBJECT_CONVERSION = YES_AGGRESSIVE;
				CLANG_CXX_LANGUAGE_STANDARD = "gnu++0x";
				CLANG_CXX_LIBRARY = "libc++";
				CLANG_ENABLE_MODULES = YES;
				CLANG_ENABLE_OBJC_ARC = YES;
				CLANG_WARN_BOOL_CONVERSION = YES;
				CLANG_WARN_CONSTANT_CONVERSION = YES;
				CLANG_WARN_DIRECT_OBJC_ISA_USAGE = YES_ERROR;
				CLANG_WARN_DOCUMENTATION_COMMENTS = YES;
				CLANG_WARN_EMPTY_BODY = YES;
				CLANG_WARN_ENUM_CONVERSION = YES;
				CLANG_WARN_INFINITE_RECURSION = YES;
				CLANG_WARN_INT_CONVERSION = YES;
				CLANG_WARN_OBJC_ROOT_CLASS = YES_ERROR;
				CLANG_WARN_SUSPICIOUS_MOVE = YES;
				CLANG_WARN_UNREACHABLE_CODE = YES;
				CLANG_WARN__DUPLICATE_METHOD_MATCH = YES;
				"CODE_SIGN_IDENTITY[sdk=iphoneos*]" = "iPhone Developer";
				COPY_PHASE_STRIP = NO;
				DEBUG_INFORMATION_FORMAT = "dwarf-with-dsym";
				ENABLE_NS_ASSERTIONS = NO;
				ENABLE_STRICT_OBJC_MSGSEND = YES;
				GCC_C_LANGUAGE_STANDARD = gnu99;
				GCC_NO_COMMON_BLOCKS = YES;
				GCC_WARN_64_TO_32_BIT_CONVERSION = YES;
				GCC_WARN_ABOUT_RETURN_TYPE = YES_ERROR;
				GCC_WARN_UNDECLARED_SELECTOR = YES;
				GCC_WARN_UNINITIALIZED_AUTOS = YES_AGGRESSIVE;
				GCC_WARN_UNUSED_FUNCTION = YES;
				GCC_WARN_UNUSED_VARIABLE = YES;
				IPHONEOS_DEPLOYMENT_TARGET = 10.3;
				MTL_ENABLE_DEBUG_INFO = NO;
				SDKROOT = iphoneos;
				SWIFT_OPTIMIZATION_LEVEL = "-Owholemodule";
				TARGETED_DEVICE_FAMILY = "1,2";
				VALIDATE_PRODUCT = YES;
			};
			name = Release;
		};
		286BDC851F1948F900C75780 /* Debug */ = {
			isa = XCBuildConfiguration;
			buildSettings = {
				ASSETCATALOG_COMPILER_APPICON_NAME = AppIcon;
				DEVELOPMENT_TEAM = 545AN3LGNM;
				INFOPLIST_FILE = CalculatorBrain/Info.plist;
				LD_RUNPATH_SEARCH_PATHS = "$(inherited) @executable_path/Frameworks";
				PRODUCT_BUNDLE_IDENTIFIER = test.CalculatorBrain;
				PRODUCT_NAME = "$(TARGET_NAME)";
				SWIFT_VERSION = 3.0;
			};
			name = Debug;
		};
		286BDC861F1948F900C75780 /* Release */ = {
			isa = XCBuildConfiguration;
			buildSettings = {
				ASSETCATALOG_COMPILER_APPICON_NAME = AppIcon;
				DEVELOPMENT_TEAM = 545AN3LGNM;
				INFOPLIST_FILE = CalculatorBrain/Info.plist;
				LD_RUNPATH_SEARCH_PATHS = "$(inherited) @executable_path/Frameworks";
				PRODUCT_BUNDLE_IDENTIFIER = test.CalculatorBrain;
				PRODUCT_NAME = "$(TARGET_NAME)";
				SWIFT_VERSION = 3.0;
			};
			name = Release;
		};
/* End XCBuildConfiguration section */

/* Begin XCConfigurationList section */
		286BDC6D1F1948F900C75780 /* Build configuration list for PBXProject "CalculatorBrain" */ = {
			isa = XCConfigurationList;
			buildConfigurations = (
				286BDC821F1948F900C75780 /* Debug */,
				286BDC831F1948F900C75780 /* Release */,
			);
			defaultConfigurationIsVisible = 0;
			defaultConfigurationName = Release;
		};
		286BDC841F1948F900C75780 /* Build configuration list for PBXNativeTarget "CalculatorBrain" */ = {
			isa = XCConfigurationList;
			buildConfigurations = (
				286BDC851F1948F900C75780 /* Debug */,
				286BDC861F1948F900C75780 /* Release */,
			);
			defaultConfigurationIsVisible = 0;
		};
/* End XCConfigurationList section */
	};
	rootObject = 286BDC6A1F1948F900C75780 /* Project object */;
}
